{
  "name": "@10up/component-library",
  "version": "1.0.0",
  "lockfileVersion": 1,
  "requires": true,
  "dependencies": {
    "@10up/animate": {
      "version": "1.0.0",
      "resolved": "https://registry.npmjs.org/@10up/animate/-/animate-1.0.0.tgz",
      "integrity": "sha512-XIwNzqLY98tbLYFqg17i9FXgBkvrMMKOxKDC+yMg4phTHYinFQ+AF0E0Pgc6LyN+spVFLdAO4hzJnsFhnxCU2Q=="
    },
    "@10up/component-accordion": {
      "version": "1.0.6",
      "resolved": "https://registry.npmjs.org/@10up/component-accordion/-/component-accordion-1.0.6.tgz",
      "integrity": "sha512-rrhlCk1tzYrJzdEpdQrNK+ySVY5bJQaL+wtyPdQBJfI+XYxcY0RzeHtlBGK5aQQS40Dvi5BNlsei9+1nSvwbcw==",
      "requires": {
        "@babel/polyfill": "^7.4.0"
      },
      "dependencies": {
        "@babel/polyfill": {
          "version": "7.8.7",
          "resolved": "https://registry.npmjs.org/@babel/polyfill/-/polyfill-7.8.7.tgz",
          "integrity": "sha512-LeSfP9bNZH2UOZgcGcZ0PIHUt1ZuHub1L3CVmEyqLxCeDLm4C5Gi8jRH8ZX2PNpDhQCo0z6y/+DIs2JlliXW8w==",
          "requires": {
            "core-js": "^2.6.5",
            "regenerator-runtime": "^0.13.4"
          }
        },
        "regenerator-runtime": {
          "version": "0.13.5",
          "resolved": "https://registry.npmjs.org/regenerator-runtime/-/regenerator-runtime-0.13.5.tgz",
          "integrity": "sha512-ZS5w8CpKFinUzOwW3c83oPeVXoNsrLsaCoLtJvAClH135j/R77RuymhiSErhm2lKcwSCIpmvIWSbDkIfAqKQlA=="
        }
      }
    },
    "@10up/component-navigation": {
      "version": "2.0.3",
      "resolved": "https://registry.npmjs.org/@10up/component-navigation/-/component-navigation-2.0.3.tgz",
      "integrity": "sha512-g/jH11FdxHQ5HNIlXOnXy+UzBqG73jNX4pda/8WTxS/tS3xsVnb7PRYe0xJQbwrNNQcImtxAs2BMKdNc96jOCQ=="
    },
    "@10up/component-tabs": {
      "version": "1.0.3",
      "resolved": "https://registry.npmjs.org/@10up/component-tabs/-/component-tabs-1.0.3.tgz",
      "integrity": "sha512-DgHJJ4aR+EAk6l7VRaxsUnnDmFjYN8vieLx9ZZuaxEh4ECCnPodK7gPGF7gM+hDvyzvDGBqpzmYj4vjD0F2/hg==",
      "requires": {
        "@babel/polyfill": "^7.4.0"
      }
    },
    "@10up/component-tooltip": {
      "version": "1.0.1",
      "resolved": "https://registry.npmjs.org/@10up/component-tooltip/-/component-tooltip-1.0.1.tgz",
      "integrity": "sha512-C9ETI6DcWco/GxCI1uZzgJssjPeBnzIEOJ7YMjzChpzvVbB/G0Wjvi4YgIG6NQiSD5o9F+dXLRIiMUjJ3GtpvA==",
      "requires": {
        "@babel/polyfill": "^7.2.5"
      }
    },
    "@babel/polyfill": {
      "version": "7.8.7",
      "resolved": "https://registry.npmjs.org/@babel/polyfill/-/polyfill-7.8.7.tgz",
      "integrity": "sha512-LeSfP9bNZH2UOZgcGcZ0PIHUt1ZuHub1L3CVmEyqLxCeDLm4C5Gi8jRH8ZX2PNpDhQCo0z6y/+DIs2JlliXW8w==",
      "requires": {
        "core-js": "^2.6.5",
        "regenerator-runtime": "^0.13.4"
      }
    },
    "core-js": {
      "version": "2.6.5",
      "resolved": "https://registry.npmjs.org/core-js/-/core-js-2.6.5.tgz",
      "integrity": "sha512-klh/kDpwX8hryYL14M9w/xei6vrv6sE8gTHDG7/T/+SEovB/G4ejwcfE/CBzO6Edsu+OETZMZ3wcX/EjUkrl5A=="
    },
    "regenerator-runtime": {
      "version": "0.13.5",
      "resolved": "https://registry.npmjs.org/regenerator-runtime/-/regenerator-runtime-0.13.5.tgz",
      "integrity": "sha512-ZS5w8CpKFinUzOwW3c83oPeVXoNsrLsaCoLtJvAClH135j/R77RuymhiSErhm2lKcwSCIpmvIWSbDkIfAqKQlA=="
    }
  }
}
